
Microsoft Visual Studio Solution File, Format Version 12.00
# Visual Studio 15
VisualStudioVersion = 15.0.28010.2048
MinimumVisualStudioVersion = 10.0.40219.1
Project("{FAE04EC0-301F-11D3-BF4B-00C04F79EFBC}") = "TreinamentoApi", "TreinamentoApi\TreinamentoApi.csproj", "{FE820AEC-E7E3-4330-BBC8-34AE39F3361A}"
EndProject
Global
	GlobalSection(SolutionConfigurationPlatforms) = preSolution
		Debug|Any CPU = Debug|Any CPU
		Release|Any CPU = Release|Any CPU
	EndGlobalSection
	GlobalSection(ProjectConfigurationPlatforms) = postSolution
		{FE820AEC-E7E3-4330-BBC8-34AE39F3361A}.Debug|Any CPU.ActiveCfg = Debug|Any CPU
		{FE820AEC-E7E3-4330-BBC8-34AE39F3361A}.Debug|Any CPU.Build.0 = Debug|Any CPU
		{FE820AEC-E7E3-4330-BBC8-34AE39F3361A}.Release|Any CPU.ActiveCfg = Release|Any CPU
		{FE820AEC-E7E3-4330-BBC8-34AE39F3361A}.Release|Any CPU.Build.0 = Release|Any CPU
	EndGlobalSection
	GlobalSection(SolutionProperties) = preSolution
		HideSolutionNode = FALSE
	EndGlobalSection
	GlobalSection(ExtensibilityGlobals) = postSolution
		SolutionGuid = {745F90E4-9C76-4A32-8DB0-F63978B88DEF}
	EndGlobalSection
EndGlobal
